<?xml version="1.0" encoding="utf-8"?>
<Project ToolsVersion="4.0" xmlns="http://schemas.microsoft.com/developer/msbuild/2003">
  <ItemGroup>
    <Filter Include="Source Files">
      <UniqueIdentifier>{4FC737F1-C7A5-4376-A066-2A32D752A2FF}</UniqueIdentifier>
      <Extensions>cpp;c;cc;cxx;c++;cppm;ixx;def;odl;idl;hpj;bat;asm;asmx</Extensions>
    </Filter>
    <Filter Include="Header Files">
      <UniqueIdentifier>{93995380-89BD-4b04-88EB-625FBE52EBFB}</UniqueIdentifier>
      <Extensions>h;hh;hpp;hxx;h++;hm;inl;inc;ipp;xsd</Extensions>
    </Filter>
    <Filter Include="Source Files\Security">
      <UniqueIdentifier>{B1C2D3E4-F5A6-7890-BCDE-F12345678901}</UniqueIdentifier>
    </Filter>
    <Filter Include="Source Files\Communication">
      <UniqueIdentifier>{C2D3E4F5-A6B7-8901-CDEF-123456789012}</UniqueIdentifier>
    </Filter>
    <Filter Include="Source Files\Detection">
      <UniqueIdentifier>{D3E4F5A6-B7C8-9012-DEFG-234567890123}</UniqueIdentifier>
    </Filter>
    <Filter Include="Source Files\Crypto">
      <UniqueIdentifier>{E4F5A6B7-C8D9-0123-EFGH-345678901234}</UniqueIdentifier>
    </Filter>
  </ItemGroup>
  <ItemGroup>
    <ClCompile Include="src\core.cpp">
      <Filter>Source Files</Filter>
    </ClCompile>
    <ClCompile Include="src\detection.cpp">
      <Filter>Source Files\Security</Filter>
    </ClCompile>
    <ClCompile Include="src\antidebug.cpp">
      <Filter>Source Files\Security</Filter>
    </ClCompile>
    <ClCompile Include="src\integrity.cpp">
      <Filter>Source Files\Security</Filter>
    </ClCompile>
    <ClCompile Include="src\ipc.cpp">
      <Filter>Source Files\Communication</Filter>
    </ClCompile>
    <ClCompile Include="src\memory_scan.cpp">
      <Filter>Source Files\Detection</Filter>
    </ClCompile>
    <ClCompile Include="src\file_protection.cpp">
      <Filter>Source Files\Security</Filter>
    </ClCompile>
    <ClCompile Include="src\encryption.cpp">
      <Filter>Source Files\Crypto</Filter>
    </ClCompile>
    <ClCompile Include="src\hooks.cpp">
      <Filter>Source Files\Detection</Filter>
    </ClCompile>
    <ClCompile Include="src\antimacro.cpp">
      <Filter>Source Files\Detection</Filter>
    </ClCompile>
  </ItemGroup>
  <ItemGroup>
    <ClInclude Include="include\anticheat_core.h">
      <Filter>Header Files</Filter>
    </ClInclude>
  </ItemGroup>
</Project>
